
Microsoft Visual Studio Solution File, Format Version 12.00
# Visual Studio 15
VisualStudioVersion = 15.0.27703.2026
MinimumVisualStudioVersion = 10.0.40219.1
Project("{F184B08F-C81C-45F6-A57F-5ABD9991F28F}") = "db1", "db1\db1.vbproj", "{13E97AC8-32CF-43E4-9708-3FA2FEB1D055}"
EndProject
Global
	GlobalSection(SolutionConfigurationPlatforms) = preSolution
		Debug|Any CPU = Debug|Any CPU
		Release|Any CPU = Release|Any CPU
	EndGlobalSection
	GlobalSection(ProjectConfigurationPlatforms) = postSolution
		{13E97AC8-32CF-43E4-9708-3FA2FEB1D055}.Debug|Any CPU.ActiveCfg = Debug|Any CPU
		{13E97AC8-32CF-43E4-9708-3FA2FEB1D055}.Debug|Any CPU.Build.0 = Debug|Any CPU
		{13E97AC8-32CF-43E4-9708-3FA2FEB1D055}.Release|Any CPU.ActiveCfg = Release|Any CPU
		{13E97AC8-32CF-43E4-9708-3FA2FEB1D055}.Release|Any CPU.Build.0 = Release|Any CPU
	EndGlobalSection
	GlobalSection(SolutionProperties) = preSolution
		HideSolutionNode = FALSE
	EndGlobalSection
	GlobalSection(ExtensibilityGlobals) = postSolution
		SolutionGuid = {DA148691-A429-48A9-9425-DD2AE3DF327C}
	EndGlobalSection
EndGlobal
